
Microsoft Visual Studio Solution File, Format Version 12.00
# Visual Studio 15
VisualStudioVersion = 15.0.27703.2000
MinimumVisualStudioVersion = 10.0.40219.1
Project("{FAE04EC0-301F-11D3-BF4B-00C04F79EFBC}") = "MVC-validation-connect-to-1C", "MVC-validation-connect-to-1C\MVC-validation-connect-to-1C.csproj", "{F72DC3BE-BC66-49F4-B526-3AC8073E1509}"
EndProject
Project("{FAE04EC0-301F-11D3-BF4B-00C04F79EFBC}") = "DataBase-model", "DataBase-model\DataBase-model.csproj", "{DA68E3EF-8DC0-439F-BBC9-78819AF0E432}"
EndProject
Global
	GlobalSection(SolutionConfigurationPlatforms) = preSolution
		Debug|Any CPU = Debug|Any CPU
		Release|Any CPU = Release|Any CPU
	EndGlobalSection
	GlobalSection(ProjectConfigurationPlatforms) = postSolution
		{F72DC3BE-BC66-49F4-B526-3AC8073E1509}.Debug|Any CPU.ActiveCfg = Debug|Any CPU
		{F72DC3BE-BC66-49F4-B526-3AC8073E1509}.Debug|Any CPU.Build.0 = Debug|Any CPU
		{F72DC3BE-BC66-49F4-B526-3AC8073E1509}.Release|Any CPU.ActiveCfg = Release|Any CPU
		{F72DC3BE-BC66-49F4-B526-3AC8073E1509}.Release|Any CPU.Build.0 = Release|Any CPU
		{DA68E3EF-8DC0-439F-BBC9-78819AF0E432}.Debug|Any CPU.ActiveCfg = Debug|Any CPU
		{DA68E3EF-8DC0-439F-BBC9-78819AF0E432}.Debug|Any CPU.Build.0 = Debug|Any CPU
		{DA68E3EF-8DC0-439F-BBC9-78819AF0E432}.Release|Any CPU.ActiveCfg = Release|Any CPU
		{DA68E3EF-8DC0-439F-BBC9-78819AF0E432}.Release|Any CPU.Build.0 = Release|Any CPU
	EndGlobalSection
	GlobalSection(SolutionProperties) = preSolution
		HideSolutionNode = FALSE
	EndGlobalSection
	GlobalSection(ExtensibilityGlobals) = postSolution
		SolutionGuid = {48178AD0-AAA5-485A-966C-DBDF3DA45460}
	EndGlobalSection
EndGlobal
